
Microsoft Visual Studio Solution File, Format Version 12.00
# Visual Studio 15
VisualStudioVersion = 15.0.28010.2046
MinimumVisualStudioVersion = 10.0.40219.1
Project("{FAE04EC0-301F-11D3-BF4B-00C04F79EFBC}") = "RallyXtreme_launcher", "RallyXtreme_launcher\RallyXtreme_launcher.csproj", "{882E6314-917B-4BB1-80CB-C3D79468724A}"
EndProject
Global
	GlobalSection(SolutionConfigurationPlatforms) = preSolution
		Debug|Any CPU = Debug|Any CPU
		Release|Any CPU = Release|Any CPU
	EndGlobalSection
	GlobalSection(ProjectConfigurationPlatforms) = postSolution
		{882E6314-917B-4BB1-80CB-C3D79468724A}.Debug|Any CPU.ActiveCfg = Debug|Any CPU
		{882E6314-917B-4BB1-80CB-C3D79468724A}.Debug|Any CPU.Build.0 = Debug|Any CPU
		{882E6314-917B-4BB1-80CB-C3D79468724A}.Release|Any CPU.ActiveCfg = Release|Any CPU
		{882E6314-917B-4BB1-80CB-C3D79468724A}.Release|Any CPU.Build.0 = Release|Any CPU
	EndGlobalSection
	GlobalSection(SolutionProperties) = preSolution
		HideSolutionNode = FALSE
	EndGlobalSection
	GlobalSection(ExtensibilityGlobals) = postSolution
		SolutionGuid = {AB58FD6E-B888-46F7-92F0-C68C42282E78}
	EndGlobalSection
EndGlobal
