
Microsoft Visual Studio Solution File, Format Version 12.00
# Visual Studio 15
VisualStudioVersion = 15.0.28010.2046
MinimumVisualStudioVersion = 10.0.40219.1
Project("{FAE04EC0-301F-11D3-BF4B-00C04F79EFBC}") = "RallyXtreme", "RallyXtreme\RallyXtreme.csproj", "{EA328EBD-0076-4EC1-BEF0-28579AF6BEC1}"
EndProject
Project("{FAE04EC0-301F-11D3-BF4B-00C04F79EFBC}") = "RallyXtreme_launcher", "..\..\Launcher\RallyXtreme_launcher\RallyXtreme_launcher\RallyXtreme_launcher.csproj", "{882E6314-917B-4BB1-80CB-C3D79468724A}"
EndProject
Global
	GlobalSection(SolutionConfigurationPlatforms) = preSolution
		Debug|Any CPU = Debug|Any CPU
		Release|Any CPU = Release|Any CPU
	EndGlobalSection
	GlobalSection(ProjectConfigurationPlatforms) = postSolution
		{EA328EBD-0076-4EC1-BEF0-28579AF6BEC1}.Debug|Any CPU.ActiveCfg = Debug|Any CPU
		{EA328EBD-0076-4EC1-BEF0-28579AF6BEC1}.Debug|Any CPU.Build.0 = Debug|Any CPU
		{EA328EBD-0076-4EC1-BEF0-28579AF6BEC1}.Release|Any CPU.ActiveCfg = Release|Any CPU
		{EA328EBD-0076-4EC1-BEF0-28579AF6BEC1}.Release|Any CPU.Build.0 = Release|Any CPU
		{882E6314-917B-4BB1-80CB-C3D79468724A}.Debug|Any CPU.ActiveCfg = Debug|Any CPU
		{882E6314-917B-4BB1-80CB-C3D79468724A}.Debug|Any CPU.Build.0 = Debug|Any CPU
		{882E6314-917B-4BB1-80CB-C3D79468724A}.Release|Any CPU.ActiveCfg = Release|Any CPU
		{882E6314-917B-4BB1-80CB-C3D79468724A}.Release|Any CPU.Build.0 = Release|Any CPU
	EndGlobalSection
	GlobalSection(SolutionProperties) = preSolution
		HideSolutionNode = FALSE
	EndGlobalSection
	GlobalSection(ExtensibilityGlobals) = postSolution
		SolutionGuid = {52FD185A-9BC3-4D12-907F-A97991B4710C}
	EndGlobalSection
EndGlobal
